
Microsoft Visual Studio Solution File, Format Version 12.00
# Visual Studio Version 16
VisualStudioVersion = 16.0.30611.23
MinimumVisualStudioVersion = 10.0.40219.1
Project("{FAE04EC0-301F-11D3-BF4B-00C04F79EFBC}") = "MyTimePrice.Server", "MyTimePrice\Server\MyTimePrice.Server.csproj", "{C1A58094-9CF7-472B-8A53-84ABDB8859FA}"
EndProject
Project("{FAE04EC0-301F-11D3-BF4B-00C04F79EFBC}") = "MyTimePrice.Client", "MyTimePrice\Client\MyTimePrice.Client.csproj", "{7B3A2447-B79D-472D-83A7-0FDC45670763}"
EndProject
Project("{FAE04EC0-301F-11D3-BF4B-00C04F79EFBC}") = "MyTimePrice.Shared", "MyTimePrice\Shared\MyTimePrice.Shared.csproj", "{2163CEAF-951A-4B15-A028-6C01AE68E350}"
EndProject
Global
	GlobalSection(SolutionConfigurationPlatforms) = preSolution
		Debug|Any CPU = Debug|Any CPU
		Release|Any CPU = Release|Any CPU
	EndGlobalSection
	GlobalSection(ProjectConfigurationPlatforms) = postSolution
		{C1A58094-9CF7-472B-8A53-84ABDB8859FA}.Debug|Any CPU.ActiveCfg = Debug|Any CPU
		{C1A58094-9CF7-472B-8A53-84ABDB8859FA}.Debug|Any CPU.Build.0 = Debug|Any CPU
		{C1A58094-9CF7-472B-8A53-84ABDB8859FA}.Release|Any CPU.ActiveCfg = Release|Any CPU
		{C1A58094-9CF7-472B-8A53-84ABDB8859FA}.Release|Any CPU.Build.0 = Release|Any CPU
		{7B3A2447-B79D-472D-83A7-0FDC45670763}.Debug|Any CPU.ActiveCfg = Debug|Any CPU
		{7B3A2447-B79D-472D-83A7-0FDC45670763}.Debug|Any CPU.Build.0 = Debug|Any CPU
		{7B3A2447-B79D-472D-83A7-0FDC45670763}.Release|Any CPU.ActiveCfg = Release|Any CPU
		{7B3A2447-B79D-472D-83A7-0FDC45670763}.Release|Any CPU.Build.0 = Release|Any CPU
		{2163CEAF-951A-4B15-A028-6C01AE68E350}.Debug|Any CPU.ActiveCfg = Debug|Any CPU
		{2163CEAF-951A-4B15-A028-6C01AE68E350}.Debug|Any CPU.Build.0 = Debug|Any CPU
		{2163CEAF-951A-4B15-A028-6C01AE68E350}.Release|Any CPU.ActiveCfg = Release|Any CPU
		{2163CEAF-951A-4B15-A028-6C01AE68E350}.Release|Any CPU.Build.0 = Release|Any CPU
	EndGlobalSection
	GlobalSection(SolutionProperties) = preSolution
		HideSolutionNode = FALSE
	EndGlobalSection
	GlobalSection(ExtensibilityGlobals) = postSolution
		SolutionGuid = {2B8345F0-D9E7-48AB-B44B-D682CA40D900}
	EndGlobalSection
EndGlobal
